
Microsoft Visual Studio Solution File, Format Version 11.00
# Visual Studio 2010
Project("{FAE04EC0-301F-11D3-BF4B-00C04F79EFBC}") = "Automation_Framework", "Automation_Framework\Automation_Framework.csproj", "{1C8938A9-CD1E-4EF2-84A2-54DA8D86EE2D}"
EndProject
Global
	GlobalSection(SolutionConfigurationPlatforms) = preSolution
		Debug|Any CPU = Debug|Any CPU
		Release|Any CPU = Release|Any CPU
	EndGlobalSection
	GlobalSection(ProjectConfigurationPlatforms) = postSolution
		{1C8938A9-CD1E-4EF2-84A2-54DA8D86EE2D}.Debug|Any CPU.ActiveCfg = Debug|Any CPU
		{1C8938A9-CD1E-4EF2-84A2-54DA8D86EE2D}.Debug|Any CPU.Build.0 = Debug|Any CPU
		{1C8938A9-CD1E-4EF2-84A2-54DA8D86EE2D}.Release|Any CPU.ActiveCfg = Release|Any CPU
		{1C8938A9-CD1E-4EF2-84A2-54DA8D86EE2D}.Release|Any CPU.Build.0 = Release|Any CPU
	EndGlobalSection
	GlobalSection(SolutionProperties) = preSolution
		HideSolutionNode = FALSE
	EndGlobalSection
EndGlobal
